// !$*UTF8*$!
{
	archiveVersion = 1;
	classes = {
	};
	objectVersion = 56;
	objects = {

/* Begin PBXBuildFile section */
		FB45E99C2C860B85007BA664 /* AppDelegate.swift in Sources */ = {isa = PBXBuildFile; fileRef = FB45E99B2C860B85007BA664 /* AppDelegate.swift */; };
		FB45E99E2C860B85007BA664 /* SceneDelegate.swift in Sources */ = {isa = PBXBuildFile; fileRef = FB45E99D2C860B85007BA664 /* SceneDelegate.swift */; };
		FB45E9A02C860B85007BA664 /* ViewController.swift in Sources */ = {isa = PBXBuildFile; fileRef = FB45E99F2C860B85007BA664 /* ViewController.swift */; };
		FB45E9A32C860B85007BA664 /* Base in Resources */ = {isa = PBXBuildFile; fileRef = FB45E9A22C860B85007BA664 /* Base */; };
		FB45E9A52C860B86007BA664 /* Assets.xcassets in Resources */ = {isa = PBXBuildFile; fileRef = FB45E9A42C860B86007BA664 /* Assets.xcassets */; };
		FB45E9A82C860B86007BA664 /* Base in Resources */ = {isa = PBXBuildFile; fileRef = FB45E9A72C860B86007BA664 /* Base */; };
		FB45E9B32C860B86007BA664 /* CalculadoraTests.swift in Sources */ = {isa = PBXBuildFile; fileRef = FB45E9B22C860B86007BA664 /* CalculadoraTests.swift */; };
		FB45E9BD2C860B86007BA664 /* CalculadoraUITests.swift in Sources */ = {isa = PBXBuildFile; fileRef = FB45E9BC2C860B86007BA664 /* CalculadoraUITests.swift */; };
		FB45E9BF2C860B86007BA664 /* CalculadoraUITestsLaunchTests.swift in Sources */ = {isa = PBXBuildFile; fileRef = FB45E9BE2C860B86007BA664 /* CalculadoraUITestsLaunchTests.swift */; };
		FB4A0C862C8B57C900957DE6 /* InterfazBotones.swift in Sources */ = {isa = PBXBuildFile; fileRef = FB4A0C852C8B57C900957DE6 /* InterfazBotones.swift */; };
/* End PBXBuildFile section */

/* Begin PBXContainerItemProxy section */
		FB45E9AF2C860B86007BA664 /* PBXContainerItemProxy */ = {
			isa = PBXContainerItemProxy;
			containerPortal = FB45E9902C860B85007BA664 /* Project object */;
			proxyType = 1;
			remoteGlobalIDString = FB45E9972C860B85007BA664;
			remoteInfo = Calculadora;
		};
		FB45E9B92C860B86007BA664 /* PBXContainerItemProxy */ = {
			isa = PBXContainerItemProxy;
			containerPortal = FB45E9902C860B85007BA664 /* Project object */;
			proxyType = 1;
			remoteGlobalIDString = FB45E9972C860B85007BA664;
			remoteInfo = Calculadora;
		};
/* End PBXContainerItemProxy section */

/* Begin PBXFileReference section */
		FB45E9982C860B85007BA664 /* Calculadora.app */ = {isa = PBXFileReference; explicitFileType = wrapper.application; includeInIndex = 0; path = Calculadora.app; sourceTree = BUILT_PRODUCTS_DIR; };
		FB45E99B2C860B85007BA664 /* AppDelegate.swift */ = {isa = PBXFileReference; lastKnownFileType = sourcecode.swift; path = AppDelegate.swift; sourceTree = "<group>"; };
		FB45E99D2C860B85007BA664 /* SceneDelegate.swift */ = {isa = PBXFileReference; lastKnownFileType = sourcecode.swift; path = SceneDelegate.swift; sourceTree = "<group>"; };
		FB45E99F2C860B85007BA664 /* ViewController.swift */ = {isa = PBXFileReference; lastKnownFileType = sourcecode.swift; path = ViewController.swift; sourceTree = "<group>"; };
		FB45E9A22C860B85007BA664 /* Base */ = {isa = PBXFileReference; lastKnownFileType = file.storyboard; name = Base; path = Base.lproj/Main.storyboard; sourceTree = "<group>"; };
		FB45E9A42C860B86007BA664 /* Assets.xcassets */ = {isa = PBXFileReference; lastKnownFileType = folder.assetcatalog; path = Assets.xcassets; sourceTree = "<group>"; };
		FB45E9A72C860B86007BA664 /* Base */ = {isa = PBXFileReference; lastKnownFileType = file.storyboard; name = Base; path = Base.lproj/LaunchScreen.storyboard; sourceTree = "<group>"; };
		FB45E9A92C860B86007BA664 /* Info.plist */ = {isa = PBXFileReference; lastKnownFileType = text.plist.xml; path = Info.plist; sourceTree = "<group>"; };
		FB45E9AE2C860B86007BA664 /* CalculadoraTests.xctest */ = {isa = PBXFileReference; explicitFileType = wrapper.cfbundle; includeInIndex = 0; path = CalculadoraTests.xctest; sourceTree = BUILT_PRODUCTS_DIR; };
		FB45E9B22C860B86007BA664 /* CalculadoraTests.swift */ = {isa = PBXFileReference; lastKnownFileType = sourcecode.swift; path = CalculadoraTests.swift; sourceTree = "<group>"; };
		FB45E9B82C860B86007BA664 /* CalculadoraUITests.xctest */ = {isa = PBXFileReference; explicitFileType = wrapper.cfbundle; includeInIndex = 0; path = CalculadoraUITests.xctest; sourceTree = BUILT_PRODUCTS_DIR; };
		FB45E9BC2C860B86007BA664 /* CalculadoraUITests.swift */ = {isa = PBXFileReference; lastKnownFileType = sourcecode.swift; path = CalculadoraUITests.swift; sourceTree = "<group>"; };
		FB45E9BE2C860B86007BA664 /* CalculadoraUITestsLaunchTests.swift */ = {isa = PBXFileReference; lastKnownFileType = sourcecode.swift; path = CalculadoraUITestsLaunchTests.swift; sourceTree = "<group>"; };
		FB4A0C852C8B57C900957DE6 /* InterfazBotones.swift */ = {isa = PBXFileReference; lastKnownFileType = sourcecode.swift; path = InterfazBotones.swift; sourceTree = "<group>"; };
/* End PBXFileReference section */

/* Begin PBXFrameworksBuildPhase section */
		FB45E9952C860B85007BA664 /* Frameworks */ = {
			isa = PBXFrameworksBuildPhase;
			buildActionMask = 2147483647;
			files = (
			);
			runOnlyForDeploymentPostprocessing = 0;
		};
		FB45E9AB2C860B86007BA664 /* Frameworks */ = {
			isa = PBXFrameworksBuildPhase;
			buildActionMask = 2147483647;
			files = (
			);
			runOnlyForDeploymentPostprocessing = 0;
		};
		FB45E9B52C860B86007BA664 /* Frameworks */ = {
			isa = PBXFrameworksBuildPhase;
			buildActionMask = 2147483647;
			files = (
			);
			runOnlyForDeploymentPostprocessing = 0;
		};
/* End PBXFrameworksBuildPhase section */

/* Begin PBXGroup section */
		FB45E98F2C860B85007BA664 = {
			isa = PBXGroup;
			children = (
				FB45E99A2C860B85007BA664 /* Calculadora */,
				FB45E9B12C860B86007BA664 /* CalculadoraTests */,
				FB45E9BB2C860B86007BA664 /* CalculadoraUITests */,
				FB45E9992C860B85007BA664 /* Products */,
			);
			sourceTree = "<group>";
		};
		FB45E9992C860B85007BA664 /* Products */ = {
			isa = PBXGroup;
			children = (
				FB45E9982C860B85007BA664 /* Calculadora.app */,
				FB45E9AE2C860B86007BA664 /* CalculadoraTests.xctest */,
				FB45E9B82C860B86007BA664 /* CalculadoraUITests.xctest */,
			);
			name = Products;
			sourceTree = "<group>";
		};
		FB45E99A2C860B85007BA664 /* Calculadora */ = {
			isa = PBXGroup;
			children = (
				FB4A0C832C8B579300957DE6 /* Modelo */,
				FB45E99B2C860B85007BA664 /* AppDelegate.swift */,
				FB45E99D2C860B85007BA664 /* SceneDelegate.swift */,
				FB45E99F2C860B85007BA664 /* ViewController.swift */,
				FB45E9A12C860B85007BA664 /* Main.storyboard */,
				FB45E9A42C860B86007BA664 /* Assets.xcassets */,
				FB45E9A62C860B86007BA664 /* LaunchScreen.storyboard */,
				FB45E9A92C860B86007BA664 /* Info.plist */,
			);
			path = Calculadora;
			sourceTree = "<group>";
		};
		FB45E9B12C860B86007BA664 /* CalculadoraTests */ = {
			isa = PBXGroup;
			children = (
				FB45E9B22C860B86007BA664 /* CalculadoraTests.swift */,
			);
			path = CalculadoraTests;
			sourceTree = "<group>";
		};
		FB45E9BB2C860B86007BA664 /* CalculadoraUITests */ = {
			isa = PBXGroup;
			children = (
				FB45E9BC2C860B86007BA664 /* CalculadoraUITests.swift */,
				FB45E9BE2C860B86007BA664 /* CalculadoraUITestsLaunchTests.swift */,
			);
			path = CalculadoraUITests;
			sourceTree = "<group>";
		};
		FB4A0C832C8B579300957DE6 /* Modelo */ = {
			isa = PBXGroup;
			children = (
				FB4A0C842C8B57A700957DE6 /* Interfaz */,
			);
			path = Modelo;
			sourceTree = "<group>";
		};
		FB4A0C842C8B57A700957DE6 /* Interfaz */ = {
			isa = PBXGroup;
			children = (
				FB4A0C852C8B57C900957DE6 /* InterfazBotones.swift */,
			);
			path = Interfaz;
			sourceTree = "<group>";
		};
/* End PBXGroup section */

/* Begin PBXNativeTarget section */
		FB45E9972C860B85007BA664 /* Calculadora */ = {
			isa = PBXNativeTarget;
			buildConfigurationList = FB45E9C22C860B86007BA664 /* Build configuration list for PBXNativeTarget "Calculadora" */;
			buildPhases = (
				FB45E9942C860B85007BA664 /* Sources */,
				FB45E9952C860B85007BA664 /* Frameworks */,
				FB45E9962C860B85007BA664 /* Resources */,
			);
			buildRules = (
			);
			dependencies = (
			);
			name = Calculadora;
			productName = Calculadora;
			productReference = FB45E9982C860B85007BA664 /* Calculadora.app */;
			productType = "com.apple.product-type.application";
		};
		FB45E9AD2C860B86007BA664 /* CalculadoraTests */ = {
			isa = PBXNativeTarget;
			buildConfigurationList = FB45E9C52C860B86007BA664 /* Build configuration list for PBXNativeTarget "CalculadoraTests" */;
			buildPhases = (
				FB45E9AA2C860B86007BA664 /* Sources */,
				FB45E9AB2C860B86007BA664 /* Frameworks */,
				FB45E9AC2C860B86007BA664 /* Resources */,
			);
			buildRules = (
			);
			dependencies = (
				FB45E9B02C860B86007BA664 /* PBXTargetDependency */,
			);
			name = CalculadoraTests;
			productName = CalculadoraTests;
			productReference = FB45E9AE2C860B86007BA664 /* CalculadoraTests.xctest */;
			productType = "com.apple.product-type.bundle.unit-test";
		};
		FB45E9B72C860B86007BA664 /* CalculadoraUITests */ = {
			isa = PBXNativeTarget;
			buildConfigurationList = FB45E9C82C860B86007BA664 /* Build configuration list for PBXNativeTarget "CalculadoraUITests" */;
			buildPhases = (
				FB45E9B42C860B86007BA664 /* Sources */,
				FB45E9B52C860B86007BA664 /* Frameworks */,
				FB45E9B62C860B86007BA664 /* Resources */,
			);
			buildRules = (
			);
			dependencies = (
				FB45E9BA2C860B86007BA664 /* PBXTargetDependency */,
			);
			name = CalculadoraUITests;
			productName = CalculadoraUITests;
			productReference = FB45E9B82C860B86007BA664 /* CalculadoraUITests.xctest */;
			productType = "com.apple.product-type.bundle.ui-testing";
		};
/* End PBXNativeTarget section */

/* Begin PBXProject section */
		FB45E9902C860B85007BA664 /* Project object */ = {
			isa = PBXProject;
			attributes = {
				BuildIndependentTargetsInParallel = 1;
				LastSwiftUpdateCheck = 1540;
				LastUpgradeCheck = 1540;
				TargetAttributes = {
					FB45E9972C860B85007BA664 = {
						CreatedOnToolsVersion = 15.4;
					};
					FB45E9AD2C860B86007BA664 = {
						CreatedOnToolsVersion = 15.4;
						TestTargetID = FB45E9972C860B85007BA664;
					};
					FB45E9B72C860B86007BA664 = {
						CreatedOnToolsVersion = 15.4;
						TestTargetID = FB45E9972C860B85007BA664;
					};
				};
			};
			buildConfigurationList = FB45E9932C860B85007BA664 /* Build configuration list for PBXProject "Calculadora" */;
			compatibilityVersion = "Xcode 14.0";
			developmentRegion = en;
			hasScannedForEncodings = 0;
			knownRegions = (
				en,
				Base,
			);
			mainGroup = FB45E98F2C860B85007BA664;
			productRefGroup = FB45E9992C860B85007BA664 /* Products */;
			projectDirPath = "";
			projectRoot = "";
			targets = (
				FB45E9972C860B85007BA664 /* Calculadora */,
				FB45E9AD2C860B86007BA664 /* CalculadoraTests */,
				FB45E9B72C860B86007BA664 /* CalculadoraUITests */,
			);
		};
/* End PBXProject section */

/* Begin PBXResourcesBuildPhase section */
		FB45E9962C860B85007BA664 /* Resources */ = {
			isa = PBXResourcesBuildPhase;
			buildActionMask = 2147483647;
			files = (
				FB45E9A52C860B86007BA664 /* Assets.xcassets in Resources */,
				FB45E9A82C860B86007BA664 /* Base in Resources */,
				FB45E9A32C860B85007BA664 /* Base in Resources */,
			);
			runOnlyForDeploymentPostprocessing = 0;
		};
		FB45E9AC2C860B86007BA664 /* Resources */ = {
			isa = PBXResourcesBuildPhase;
			buildActionMask = 2147483647;
			files = (
			);
			runOnlyForDeploymentPostprocessing = 0;
		};
		FB45E9B62C860B86007BA664 /* Resources */ = {
			isa = PBXResourcesBuildPhase;
			buildActionMask = 2147483647;
			files = (
			);
			runOnlyForDeploymentPostprocessing = 0;
		};
/* End PBXResourcesBuildPhase section */

/* Begin PBXSourcesBuildPhase section */
		FB45E9942C860B85007BA664 /* Sources */ = {
			isa = PBXSourcesBuildPhase;
			buildActionMask = 2147483647;
			files = (
				FB45E9A02C860B85007BA664 /* ViewController.swift in Sources */,
				FB4A0C862C8B57C900957DE6 /* InterfazBotones.swift in Sources */,
				FB45E99C2C860B85007BA664 /* AppDelegate.swift in Sources */,
				FB45E99E2C860B85007BA664 /* SceneDelegate.swift in Sources */,
			);
			runOnlyForDeploymentPostprocessing = 0;
		};
		FB45E9AA2C860B86007BA664 /* Sources */ = {
			isa = PBXSourcesBuildPhase;
			buildActionMask = 2147483647;
			files = (
				FB45E9B32C860B86007BA664 /* CalculadoraTests.swift in Sources */,
			);
			runOnlyForDeploymentPostprocessing = 0;
		};
		FB45E9B42C860B86007BA664 /* Sources */ = {
			isa = PBXSourcesBuildPhase;
			buildActionMask = 2147483647;
			files = (
				FB45E9BF2C860B86007BA664 /* CalculadoraUITestsLaunchTests.swift in Sources */,
				FB45E9BD2C860B86007BA664 /* CalculadoraUITests.swift in Sources */,
			);
			runOnlyForDeploymentPostprocessing = 0;
		};
/* End PBXSourcesBuildPhase section */

/* Begin PBXTargetDependency section */
		FB45E9B02C860B86007BA664 /* PBXTargetDependency */ = {
			isa = PBXTargetDependency;
			target = FB45E9972C860B85007BA664 /* Calculadora */;
			targetProxy = FB45E9AF2C860B86007BA664 /* PBXContainerItemProxy */;
		};
		FB45E9BA2C860B86007BA664 /* PBXTargetDependency */ = {
			isa = PBXTargetDependency;
			target = FB45E9972C860B85007BA664 /* Calculadora */;
			targetProxy = FB45E9B92C860B86007BA664 /* PBXContainerItemProxy */;
		};
/* End PBXTargetDependency section */

/* Begin PBXVariantGroup section */
		FB45E9A12C860B85007BA664 /* Main.storyboard */ = {
			isa = PBXVariantGroup;
			children = (
				FB45E9A22C860B85007BA664 /* Base */,
			);
			name = Main.storyboard;
			sourceTree = "<group>";
		};
		FB45E9A62C860B86007BA664 /* LaunchScreen.storyboard */ = {
			isa = PBXVariantGroup;
			children = (
				FB45E9A72C860B86007BA664 /* Base */,
			);
			name = LaunchScreen.storyboard;
			sourceTree = "<group>";
		};
/* End PBXVariantGroup section */

/* Begin XCBuildConfiguration section */
		FB45E9C02C860B86007BA664 /* Debug */ = {
			isa = XCBuildConfiguration;
			buildSettings = {
				ALWAYS_SEARCH_USER_PATHS = NO;
				ASSETCATALOG_COMPILER_GENERATE_SWIFT_ASSET_SYMBOL_EXTENSIONS = YES;
				CLANG_ANALYZER_NONNULL = YES;
				CLANG_ANALYZER_NUMBER_OBJECT_CONVERSION = YES_AGGRESSIVE;
				CLANG_CXX_LANGUAGE_STANDARD = "gnu++20";
				CLANG_ENABLE_MODULES = YES;
				CLANG_ENABLE_OBJC_ARC = YES;
				CLANG_ENABLE_OBJC_WEAK = YES;
				CLANG_WARN_BLOCK_CAPTURE_AUTORELEASING = YES;
				CLANG_WARN_BOOL_CONVERSION = YES;
				CLANG_WARN_COMMA = YES;
				CLANG_WARN_CONSTANT_CONVERSION = YES;
				CLANG_WARN_DEPRECATED_OBJC_IMPLEMENTATIONS = YES;
				CLANG_WARN_DIRECT_OBJC_ISA_USAGE = YES_ERROR;
				CLANG_WARN_DOCUMENTATION_COMMENTS = YES;
				CLANG_WARN_EMPTY_BODY = YES;
				CLANG_WARN_ENUM_CONVERSION = YES;
				CLANG_WARN_INFINITE_RECURSION = YES;
				CLANG_WARN_INT_CONVERSION = YES;
				CLANG_WARN_NON_LITERAL_NULL_CONVERSION = YES;
				CLANG_WARN_OBJC_IMPLICIT_RETAIN_SELF = YES;
				CLANG_WARN_OBJC_LITERAL_CONVERSION = YES;
				CLANG_WARN_OBJC_ROOT_CLASS = YES_ERROR;
				CLANG_WARN_QUOTED_INCLUDE_IN_FRAMEWORK_HEADER = YES;
				CLANG_WARN_RANGE_LOOP_ANALYSIS = YES;
				CLANG_WARN_STRICT_PROTOTYPES = YES;
				CLANG_WARN_SUSPICIOUS_MOVE = YES;
				CLANG_WARN_UNGUARDED_AVAILABILITY = YES_AGGRESSIVE;
				CLANG_WARN_UNREACHABLE_CODE = YES;
				CLANG_WARN__DUPLICATE_METHOD_MATCH = YES;
				COPY_PHASE_STRIP = NO;
				DEBUG_INFORMATION_FORMAT = dwarf;
				ENABLE_STRICT_OBJC_MSGSEND = YES;
				ENABLE_TESTABILITY = YES;
				ENABLE_USER_SCRIPT_SANDBOXING = YES;
				GCC_C_LANGUAGE_STANDARD = gnu17;
				GCC_DYNAMIC_NO_PIC = NO;
				GCC_NO_COMMON_BLOCKS = YES;
				GCC_OPTIMIZATION_LEVEL = 0;
				GCC_PREPROCESSOR_DEFINITIONS = (
					"DEBUG=1",
					"$(inherited)",
				);
				GCC_WARN_64_TO_32_BIT_CONVERSION = YES;
				GCC_WARN_ABOUT_RETURN_TYPE = YES_ERROR;
				GCC_WARN_UNDECLARED_SELECTOR = YES;
				GCC_WARN_UNINITIALIZED_AUTOS = YES_AGGRESSIVE;
				GCC_WARN_UNUSED_FUNCTION = YES;
				GCC_WARN_UNUSED_VARIABLE = YES;
				IPHONEOS_DEPLOYMENT_TARGET = 17.5;
				LOCALIZATION_PREFERS_STRING_CATALOGS = YES;
				MTL_ENABLE_DEBUG_INFO = INCLUDE_SOURCE;
				MTL_FAST_MATH = YES;
				ONLY_ACTIVE_ARCH = YES;
				SDKROOT = iphoneos;
				SWIFT_ACTIVE_COMPILATION_CONDITIONS = "DEBUG $(inherited)";
				SWIFT_OPTIMIZATION_LEVEL = "-Onone";
			};
			name = Debug;
		};
		FB45E9C12C860B86007BA664 /* Release */ = {
			isa = XCBuildConfiguration;
			buildSettings = {
				ALWAYS_SEARCH_USER_PATHS = NO;
				ASSETCATALOG_COMPILER_GENERATE_SWIFT_ASSET_SYMBOL_EXTENSIONS = YES;
				CLANG_ANALYZER_NONNULL = YES;
				CLANG_ANALYZER_NUMBER_OBJECT_CONVERSION = YES_AGGRESSIVE;
				CLANG_CXX_LANGUAGE_STANDARD = "gnu++20";
				CLANG_ENABLE_MODULES = YES;
				CLANG_ENABLE_OBJC_ARC = YES;
				CLANG_ENABLE_OBJC_WEAK = YES;
				CLANG_WARN_BLOCK_CAPTURE_AUTORELEASING = YES;
				CLANG_WARN_BOOL_CONVERSION = YES;
				CLANG_WARN_COMMA = YES;
				CLANG_WARN_CONSTANT_CONVERSION = YES;
				CLANG_WARN_DEPRECATED_OBJC_IMPLEMENTATIONS = YES;
				CLANG_WARN_DIRECT_OBJC_ISA_USAGE = YES_ERROR;
				CLANG_WARN_DOCUMENTATION_COMMENTS = YES;
				CLANG_WARN_EMPTY_BODY = YES;
				CLANG_WARN_ENUM_CONVERSION = YES;
				CLANG_WARN_INFINITE_RECURSION = YES;
				CLANG_WARN_INT_CONVERSION = YES;
				CLANG_WARN_NON_LITERAL_NULL_CONVERSION = YES;
				CLANG_WARN_OBJC_IMPLICIT_RETAIN_SELF = YES;
				CLANG_WARN_OBJC_LITERAL_CONVERSION = YES;
				CLANG_WARN_OBJC_ROOT_CLASS = YES_ERROR;
				CLANG_WARN_QUOTED_INCLUDE_IN_FRAMEWORK_HEADER = YES;
				CLANG_WARN_RANGE_LOOP_ANALYSIS = YES;
				CLANG_WARN_STRICT_PROTOTYPES = YES;
				CLANG_WARN_SUSPICIOUS_MOVE = YES;
				CLANG_WARN_UNGUARDED_AVAILABILITY = YES_AGGRESSIVE;
				CLANG_WARN_UNREACHABLE_CODE = YES;
				CLANG_WARN__DUPLICATE_METHOD_MATCH = YES;
				COPY_PHASE_STRIP = NO;
				DEBUG_INFORMATION_FORMAT = "dwarf-with-dsym";
				ENABLE_NS_ASSERTIONS = NO;
				ENABLE_STRICT_OBJC_MSGSEND = YES;
				ENABLE_USER_SCRIPT_SANDBOXING = YES;
				GCC_C_LANGUAGE_STANDARD = gnu17;
				GCC_NO_COMMON_BLOCKS = YES;
				GCC_WARN_64_TO_32_BIT_CONVERSION = YES;
				GCC_WARN_ABOUT_RETURN_TYPE = YES_ERROR;
				GCC_WARN_UNDECLARED_SELECTOR = YES;
				GCC_WARN_UNINITIALIZED_AUTOS = YES_AGGRESSIVE;
				GCC_WARN_UNUSED_FUNCTION = YES;
				GCC_WARN_UNUSED_VARIABLE = YES;
				IPHONEOS_DEPLOYMENT_TARGET = 17.5;
				LOCALIZATION_PREFERS_STRING_CATALOGS = YES;
				MTL_ENABLE_DEBUG_INFO = NO;
				MTL_FAST_MATH = YES;
				SDKROOT = iphoneos;
				SWIFT_COMPILATION_MODE = wholemodule;
				VALIDATE_PRODUCT = YES;
			};
			name = Release;
		};
		FB45E9C32C860B86007BA664 /* Debug */ = {
			isa = XCBuildConfiguration;
			buildSettings = {
				ASSETCATALOG_COMPILER_APPICON_NAME = AppIcon;
				ASSETCATALOG_COMPILER_GLOBAL_ACCENT_COLOR_NAME = AccentColor;
				CODE_SIGN_STYLE = Automatic;
				CURRENT_PROJECT_VERSION = 1;
				GENERATE_INFOPLIST_FILE = YES;
				INFOPLIST_FILE = Calculadora/Info.plist;
				INFOPLIST_KEY_UIApplicationSupportsIndirectInputEvents = YES;
				INFOPLIST_KEY_UILaunchStoryboardName = LaunchScreen;
				INFOPLIST_KEY_UIMainStoryboardFile = Main;
				INFOPLIST_KEY_UISupportedInterfaceOrientations_iPad = "UIInterfaceOrientationPortrait UIInterfaceOrientationPortraitUpsideDown UIInterfaceOrientationLandscapeLeft UIInterfaceOrientationLandscapeRight";
				INFOPLIST_KEY_UISupportedInterfaceOrientations_iPhone = "UIInterfaceOrientationPortrait UIInterfaceOrientationLandscapeLeft UIInterfaceOrientationLandscapeRight";
				LD_RUNPATH_SEARCH_PATHS = (
					"$(inherited)",
					"@executable_path/Frameworks",
				);
				MARKETING_VERSION = 1.0;
				PRODUCT_BUNDLE_IDENTIFIER = "mx.uacj.calculadora-lola.Calculadora";
				PRODUCT_NAME = "$(TARGET_NAME)";
				SWIFT_EMIT_LOC_STRINGS = YES;
				SWIFT_VERSION = 5.0;
				TARGETED_DEVICE_FAMILY = "1,2";
			};
			name = Debug;
		};
		FB45E9C42C860B86007BA664 /* Release */ = {
			isa = XCBuildConfiguration;
			buildSettings = {
				ASSETCATALOG_COMPILER_APPICON_NAME = AppIcon;
				ASSETCATALOG_COMPILER_GLOBAL_ACCENT_COLOR_NAME = AccentColor;
				CODE_SIGN_STYLE = Automatic;
				CURRENT_PROJECT_VERSION = 1;
				GENERATE_INFOPLIST_FILE = YES;
				INFOPLIST_FILE = Calculadora/Info.plist;
				INFOPLIST_KEY_UIApplicationSupportsIndirectInputEvents = YES;
				INFOPLIST_KEY_UILaunchStoryboardName = LaunchScreen;
				INFOPLIST_KEY_UIMainStoryboardFile = Main;
				INFOPLIST_KEY_UISupportedInterfaceOrientations_iPad = "UIInterfaceOrientationPortrait UIInterfaceOrientationPortraitUpsideDown UIInterfaceOrientationLandscapeLeft UIInterfaceOrientationLandscapeRight";
				INFOPLIST_KEY_UISupportedInterfaceOrientations_iPhone = "UIInterfaceOrientationPortrait UIInterfaceOrientationLandscapeLeft UIInterfaceOrientationLandscapeRight";
				LD_RUNPATH_SEARCH_PATHS = (
					"$(inherited)",
					"@executable_path/Frameworks",
				);
				MARKETING_VERSION = 1.0;
				PRODUCT_BUNDLE_IDENTIFIER = "mx.uacj.calculadora-lola.Calculadora";
				PRODUCT_NAME = "$(TARGET_NAME)";
				SWIFT_EMIT_LOC_STRINGS = YES;
				SWIFT_VERSION = 5.0;
				TARGETED_DEVICE_FAMILY = "1,2";
			};
			name = Release;
		};
		FB45E9C62C860B86007BA664 /* Debug */ = {
			isa = XCBuildConfiguration;
			buildSettings = {
				ALWAYS_EMBED_SWIFT_STANDARD_LIBRARIES = YES;
				BUNDLE_LOADER = "$(TEST_HOST)";
				CODE_SIGN_STYLE = Automatic;
				CURRENT_PROJECT_VERSION = 1;
				GENERATE_INFOPLIST_FILE = YES;
				IPHONEOS_DEPLOYMENT_TARGET = 17.5;
				MARKETING_VERSION = 1.0;
				PRODUCT_BUNDLE_IDENTIFIER = "mx.uacj.calculadora-lola.CalculadoraTests";
				PRODUCT_NAME = "$(TARGET_NAME)";
				SWIFT_EMIT_LOC_STRINGS = NO;
				SWIFT_VERSION = 5.0;
				TARGETED_DEVICE_FAMILY = "1,2";
				TEST_HOST = "$(BUILT_PRODUCTS_DIR)/Calculadora.app/$(BUNDLE_EXECUTABLE_FOLDER_PATH)/Calculadora";
			};
			name = Debug;
		};
		FB45E9C72C860B86007BA664 /* Release */ = {
			isa = XCBuildConfiguration;
			buildSettings = {
				ALWAYS_EMBED_SWIFT_STANDARD_LIBRARIES = YES;
				BUNDLE_LOADER = "$(TEST_HOST)";
				CODE_SIGN_STYLE = Automatic;
				CURRENT_PROJECT_VERSION = 1;
				GENERATE_INFOPLIST_FILE = YES;
				IPHONEOS_DEPLOYMENT_TARGET = 17.5;
				MARKETING_VERSION = 1.0;
				PRODUCT_BUNDLE_IDENTIFIER = "mx.uacj.calculadora-lola.CalculadoraTests";
				PRODUCT_NAME = "$(TARGET_NAME)";
				SWIFT_EMIT_LOC_STRINGS = NO;
				SWIFT_VERSION = 5.0;
				TARGETED_DEVICE_FAMILY = "1,2";
				TEST_HOST = "$(BUILT_PRODUCTS_DIR)/Calculadora.app/$(BUNDLE_EXECUTABLE_FOLDER_PATH)/Calculadora";
			};
			name = Release;
		};
		FB45E9C92C860B86007BA664 /* Debug */ = {
			isa = XCBuildConfiguration;
			buildSettings = {
				ALWAYS_EMBED_SWIFT_STANDARD_LIBRARIES = YES;
				CODE_SIGN_STYLE = Automatic;
				CURRENT_PROJECT_VERSION = 1;
				GENERATE_INFOPLIST_FILE = YES;
				MARKETING_VERSION = 1.0;
				PRODUCT_BUNDLE_IDENTIFIER = "mx.uacj.calculadora-lola.CalculadoraUITests";
				PRODUCT_NAME = "$(TARGET_NAME)";
				SWIFT_EMIT_LOC_STRINGS = NO;
				SWIFT_VERSION = 5.0;
				TARGETED_DEVICE_FAMILY = "1,2";
				TEST_TARGET_NAME = Calculadora;
			};
			name = Debug;
		};
		FB45E9CA2C860B86007BA664 /* Release */ = {
			isa = XCBuildConfiguration;
			buildSettings = {
				ALWAYS_EMBED_SWIFT_STANDARD_LIBRARIES = YES;
				CODE_SIGN_STYLE = Automatic;
				CURRENT_PROJECT_VERSION = 1;
				GENERATE_INFOPLIST_FILE = YES;
				MARKETING_VERSION = 1.0;
				PRODUCT_BUNDLE_IDENTIFIER = "mx.uacj.calculadora-lola.CalculadoraUITests";
				PRODUCT_NAME = "$(TARGET_NAME)";
				SWIFT_EMIT_LOC_STRINGS = NO;
				SWIFT_VERSION = 5.0;
				TARGETED_DEVICE_FAMILY = "1,2";
				TEST_TARGET_NAME = Calculadora;
			};
			name = Release;
		};
/* End XCBuildConfiguration section */

/* Begin XCConfigurationList section */
		FB45E9932C860B85007BA664 /* Build configuration list for PBXProject "Calculadora" */ = {
			isa = XCConfigurationList;
			buildConfigurations = (
				FB45E9C02C860B86007BA664 /* Debug */,
				FB45E9C12C860B86007BA664 /* Release */,
			);
			defaultConfigurationIsVisible = 0;
			defaultConfigurationName = Release;
		};
		FB45E9C22C860B86007BA664 /* Build configuration list for PBXNativeTarget "Calculadora" */ = {
			isa = XCConfigurationList;
			buildConfigurations = (
				FB45E9C32C860B86007BA664 /* Debug */,
				FB45E9C42C860B86007BA664 /* Release */,
			);
			defaultConfigurationIsVisible = 0;
			defaultConfigurationName = Release;
		};
		FB45E9C52C860B86007BA664 /* Build configuration list for PBXNativeTarget "CalculadoraTests" */ = {
			isa = XCConfigurationList;
			buildConfigurations = (
				FB45E9C62C860B86007BA664 /* Debug */,
				FB45E9C72C860B86007BA664 /* Release */,
			);
			defaultConfigurationIsVisible = 0;
			defaultConfigurationName = Release;
		};
		FB45E9C82C860B86007BA664 /* Build configuration list for PBXNativeTarget "CalculadoraUITests" */ = {
			isa = XCConfigurationList;
			buildConfigurations = (
				FB45E9C92C860B86007BA664 /* Debug */,
				FB45E9CA2C860B86007BA664 /* Release */,
			);
			defaultConfigurationIsVisible = 0;
			defaultConfigurationName = Release;
		};
/* End XCConfigurationList section */
	};
	rootObject = FB45E9902C860B85007BA664 /* Project object */;
}
